// !$*UTF8*$!
{
	archiveVersion = 1;
	classes = {
	};
	objectVersion = 56;
	objects = {

/* Begin PBXBuildFile section */
		2D1CC1E52A5A0B090072339F /* GL_ActivationApp.swift in Sources */ = {isa = PBXBuildFile; fileRef = 2D1CC1E42A5A0B090072339F /* GL_ActivationApp.swift */; };
		2D1CC1E72A5A0B090072339F /* ContentView.swift in Sources */ = {isa = PBXBuildFile; fileRef = 2D1CC1E62A5A0B090072339F /* ContentView.swift */; };
		2D1CC1E92A5A0B0C0072339F /* Assets.xcassets in Resources */ = {isa = PBXBuildFile; fileRef = 2D1CC1E82A5A0B0C0072339F /* Assets.xcassets */; };
		2D1CC1EC2A5A0B0C0072339F /* Preview Assets.xcassets in Resources */ = {isa = PBXBuildFile; fileRef = 2D1CC1EB2A5A0B0C0072339F /* Preview Assets.xcassets */; };
		2D1CC1FF2A5B09E40072339F /* LaunchScreen.storyboard in Resources */ = {isa = PBXBuildFile; fileRef = 2D1CC1FE2A5B09E40072339F /* LaunchScreen.storyboard */; };
		2DB147072A6F5C9A00E823F1 /* LoginScreen.swift in Sources */ = {isa = PBXBuildFile; fileRef = 2DB147062A6F5C9A00E823F1 /* LoginScreen.swift */; };
		2DB147092A6F5EC800E823F1 /* LoginRequest.swift in Sources */ = {isa = PBXBuildFile; fileRef = 2DB147082A6F5EC800E823F1 /* LoginRequest.swift */; };
		2DB1470B2A6F5F6F00E823F1 /* LoginResponse.swift in Sources */ = {isa = PBXBuildFile; fileRef = 2DB1470A2A6F5F6F00E823F1 /* LoginResponse.swift */; };
		2DB1470D2A6F60AC00E823F1 /* LoginAction.swift in Sources */ = {isa = PBXBuildFile; fileRef = 2DB1470C2A6F60AC00E823F1 /* LoginAction.swift */; };
		2DB1470F2A6F6E2D00E823F1 /* LoginViewModel.swift in Sources */ = {isa = PBXBuildFile; fileRef = 2DB1470E2A6F6E2D00E823F1 /* LoginViewModel.swift */; };
		2DB147142A6F706F00E823F1 /* Localizable.strings in Resources */ = {isa = PBXBuildFile; fileRef = 2DB147162A6F706F00E823F1 /* Localizable.strings */; };
		2DB1471B2A6F714100E823F1 /* StringExtensions.swift in Sources */ = {isa = PBXBuildFile; fileRef = 2DB1471A2A6F714100E823F1 /* StringExtensions.swift */; };
/* End PBXBuildFile section */

/* Begin PBXFileReference section */
		2D1CC1E12A5A0B090072339F /* GL Activation.app */ = {isa = PBXFileReference; explicitFileType = wrapper.application; includeInIndex = 0; path = "GL Activation.app"; sourceTree = BUILT_PRODUCTS_DIR; };
		2D1CC1E42A5A0B090072339F /* GL_ActivationApp.swift */ = {isa = PBXFileReference; lastKnownFileType = sourcecode.swift; path = GL_ActivationApp.swift; sourceTree = "<group>"; };
		2D1CC1E62A5A0B090072339F /* ContentView.swift */ = {isa = PBXFileReference; lastKnownFileType = sourcecode.swift; path = ContentView.swift; sourceTree = "<group>"; usesTabs = 0; };
		2D1CC1E82A5A0B0C0072339F /* Assets.xcassets */ = {isa = PBXFileReference; lastKnownFileType = folder.assetcatalog; path = Assets.xcassets; sourceTree = "<group>"; };
		2D1CC1EB2A5A0B0C0072339F /* Preview Assets.xcassets */ = {isa = PBXFileReference; lastKnownFileType = folder.assetcatalog; path = "Preview Assets.xcassets"; sourceTree = "<group>"; };
		2D1CC1FE2A5B09E40072339F /* LaunchScreen.storyboard */ = {isa = PBXFileReference; fileEncoding = 4; lastKnownFileType = file.storyboard; path = LaunchScreen.storyboard; sourceTree = "<group>"; };
		2DB147062A6F5C9A00E823F1 /* LoginScreen.swift */ = {isa = PBXFileReference; lastKnownFileType = sourcecode.swift; path = LoginScreen.swift; sourceTree = "<group>"; };
		2DB147082A6F5EC800E823F1 /* LoginRequest.swift */ = {isa = PBXFileReference; lastKnownFileType = sourcecode.swift; path = LoginRequest.swift; sourceTree = "<group>"; };
		2DB1470A2A6F5F6F00E823F1 /* LoginResponse.swift */ = {isa = PBXFileReference; lastKnownFileType = sourcecode.swift; path = LoginResponse.swift; sourceTree = "<group>"; };
		2DB1470C2A6F60AC00E823F1 /* LoginAction.swift */ = {isa = PBXFileReference; lastKnownFileType = sourcecode.swift; path = LoginAction.swift; sourceTree = "<group>"; };
		2DB1470E2A6F6E2D00E823F1 /* LoginViewModel.swift */ = {isa = PBXFileReference; lastKnownFileType = sourcecode.swift; path = LoginViewModel.swift; sourceTree = "<group>"; };
		2DB147152A6F706F00E823F1 /* en */ = {isa = PBXFileReference; lastKnownFileType = text.plist.strings; name = en; path = en.lproj/Localizable.strings; sourceTree = "<group>"; };
		2DB1471A2A6F714100E823F1 /* StringExtensions.swift */ = {isa = PBXFileReference; lastKnownFileType = sourcecode.swift; path = StringExtensions.swift; sourceTree = "<group>"; };
/* End PBXFileReference section */

/* Begin PBXFrameworksBuildPhase section */
		2D1CC1DE2A5A0B090072339F /* Frameworks */ = {
			isa = PBXFrameworksBuildPhase;
			buildActionMask = 2147483647;
			files = (
			);
			runOnlyForDeploymentPostprocessing = 0;
		};
/* End PBXFrameworksBuildPhase section */

/* Begin PBXGroup section */
		2D1CC1D82A5A0B090072339F = {
			isa = PBXGroup;
			children = (
				2D1CC1E32A5A0B090072339F /* GL Activation */,
				2D1CC1E22A5A0B090072339F /* Products */,
			);
			sourceTree = "<group>";
		};
		2D1CC1E22A5A0B090072339F /* Products */ = {
			isa = PBXGroup;
			children = (
				2D1CC1E12A5A0B090072339F /* GL Activation.app */,
			);
			name = Products;
			sourceTree = "<group>";
		};
		2D1CC1E32A5A0B090072339F /* GL Activation */ = {
			isa = PBXGroup;
			children = (
				2DB147102A6F701A00E823F1 /* SupportingFiles */,
				2DB146F92A6F3D9A00E823F1 /* Code */,
				2D1CC1E42A5A0B090072339F /* GL_ActivationApp.swift */,
				2D1CC1E62A5A0B090072339F /* ContentView.swift */,
				2DB146FF2A6F418900E823F1 /* Resources */,
				2D1CC1EA2A5A0B0C0072339F /* Preview Content */,
				2D1CC1FE2A5B09E40072339F /* LaunchScreen.storyboard */,
			);
			path = "GL Activation";
			sourceTree = "<group>";
		};
		2D1CC1EA2A5A0B0C0072339F /* Preview Content */ = {
			isa = PBXGroup;
			children = (
				2D1CC1EB2A5A0B0C0072339F /* Preview Assets.xcassets */,
			);
			path = "Preview Content";
			sourceTree = "<group>";
		};
		2DB146F92A6F3D9A00E823F1 /* Code */ = {
			isa = PBXGroup;
			children = (
				2DB147182A6F711D00E823F1 /* Utilities */,
				2DB146FA2A6F3DCC00E823F1 /* Features */,
			);
			path = Code;
			sourceTree = "<group>";
		};
		2DB146FA2A6F3DCC00E823F1 /* Features */ = {
			isa = PBXGroup;
			children = (
				2DB146FC2A6F3E2300E823F1 /* Login */,
			);
			path = Features;
			sourceTree = "<group>";
		};
		2DB146FC2A6F3E2300E823F1 /* Login */ = {
			isa = PBXGroup;
			children = (
				2DB147012A6F5BC400E823F1 /* Actions */,
				2DB147022A6F5BCC00E823F1 /* Models */,
				2DB147032A6F5BD400E823F1 /* Screens */,
				2DB147042A6F5BDB00E823F1 /* ViewModels */,
				2DB147052A6F5BE400E823F1 /* Views */,
			);
			path = Login;
			sourceTree = "<group>";
		};
		2DB146FF2A6F418900E823F1 /* Resources */ = {
			isa = PBXGroup;
			children = (
				2DB147002A6F419C00E823F1 /* Images */,
			);
			path = Resources;
			sourceTree = "<group>";
		};
		2DB147002A6F419C00E823F1 /* Images */ = {
			isa = PBXGroup;
			children = (
				2D1CC1E82A5A0B0C0072339F /* Assets.xcassets */,
			);
			path = Images;
			sourceTree = "<group>";
		};
		2DB147012A6F5BC400E823F1 /* Actions */ = {
			isa = PBXGroup;
			children = (
				2DB1470C2A6F60AC00E823F1 /* LoginAction.swift */,
			);
			path = Actions;
			sourceTree = "<group>";
		};
		2DB147022A6F5BCC00E823F1 /* Models */ = {
			isa = PBXGroup;
			children = (
				2DB147082A6F5EC800E823F1 /* LoginRequest.swift */,
				2DB1470A2A6F5F6F00E823F1 /* LoginResponse.swift */,
			);
			path = Models;
			sourceTree = "<group>";
		};
		2DB147032A6F5BD400E823F1 /* Screens */ = {
			isa = PBXGroup;
			children = (
				2DB147062A6F5C9A00E823F1 /* LoginScreen.swift */,
			);
			path = Screens;
			sourceTree = "<group>";
		};
		2DB147042A6F5BDB00E823F1 /* ViewModels */ = {
			isa = PBXGroup;
			children = (
				2DB1470E2A6F6E2D00E823F1 /* LoginViewModel.swift */,
			);
			path = ViewModels;
			sourceTree = "<group>";
		};
		2DB147052A6F5BE400E823F1 /* Views */ = {
			isa = PBXGroup;
			children = (
			);
			path = Views;
			sourceTree = "<group>";
		};
		2DB147102A6F701A00E823F1 /* SupportingFiles */ = {
			isa = PBXGroup;
			children = (
				2DB147112A6F702C00E823F1 /* Localization */,
			);
			path = SupportingFiles;
			sourceTree = "<group>";
		};
		2DB147112A6F702C00E823F1 /* Localization */ = {
			isa = PBXGroup;
			children = (
				2DB147162A6F706F00E823F1 /* Localizable.strings */,
			);
			path = Localization;
			sourceTree = "<group>";
		};
		2DB147182A6F711D00E823F1 /* Utilities */ = {
			isa = PBXGroup;
			children = (
				2DB147192A6F712800E823F1 /* Extensions */,
			);
			path = Utilities;
			sourceTree = "<group>";
		};
		2DB147192A6F712800E823F1 /* Extensions */ = {
			isa = PBXGroup;
			children = (
				2DB1471A2A6F714100E823F1 /* StringExtensions.swift */,
			);
			path = Extensions;
			sourceTree = "<group>";
		};
/* End PBXGroup section */

/* Begin PBXNativeTarget section */
		2D1CC1E02A5A0B090072339F /* GL Activation */ = {
			isa = PBXNativeTarget;
			buildConfigurationList = 2D1CC1EF2A5A0B0C0072339F /* Build configuration list for PBXNativeTarget "GL Activation" */;
			buildPhases = (
				2D1CC1DD2A5A0B090072339F /* Sources */,
				2D1CC1DE2A5A0B090072339F /* Frameworks */,
				2D1CC1DF2A5A0B090072339F /* Resources */,
			);
			buildRules = (
			);
			dependencies = (
			);
			name = "GL Activation";
			productName = "GL Activation";
			productReference = 2D1CC1E12A5A0B090072339F /* GL Activation.app */;
			productType = "com.apple.product-type.application";
		};
/* End PBXNativeTarget section */

/* Begin PBXProject section */
		2D1CC1D92A5A0B090072339F /* Project object */ = {
			isa = PBXProject;
			attributes = {
				BuildIndependentTargetsInParallel = 1;
				LastSwiftUpdateCheck = 1430;
				LastUpgradeCheck = 1430;
				TargetAttributes = {
					2D1CC1E02A5A0B090072339F = {
						CreatedOnToolsVersion = 14.3;
					};
				};
			};
			buildConfigurationList = 2D1CC1DC2A5A0B090072339F /* Build configuration list for PBXProject "GL Activation" */;
			compatibilityVersion = "Xcode 14.0";
			developmentRegion = en;
			hasScannedForEncodings = 0;
			knownRegions = (
				en,
				Base,
			);
			mainGroup = 2D1CC1D82A5A0B090072339F;
			productRefGroup = 2D1CC1E22A5A0B090072339F /* Products */;
			projectDirPath = "";
			projectRoot = "";
			targets = (
				2D1CC1E02A5A0B090072339F /* GL Activation */,
			);
		};
/* End PBXProject section */

/* Begin PBXResourcesBuildPhase section */
		2D1CC1DF2A5A0B090072339F /* Resources */ = {
			isa = PBXResourcesBuildPhase;
			buildActionMask = 2147483647;
			files = (
				2D1CC1FF2A5B09E40072339F /* LaunchScreen.storyboard in Resources */,
				2DB147142A6F706F00E823F1 /* Localizable.strings in Resources */,
				2D1CC1EC2A5A0B0C0072339F /* Preview Assets.xcassets in Resources */,
				2D1CC1E92A5A0B0C0072339F /* Assets.xcassets in Resources */,
			);
			runOnlyForDeploymentPostprocessing = 0;
		};
/* End PBXResourcesBuildPhase section */

/* Begin PBXSourcesBuildPhase section */
		2D1CC1DD2A5A0B090072339F /* Sources */ = {
			isa = PBXSourcesBuildPhase;
			buildActionMask = 2147483647;
			files = (
				2DB1471B2A6F714100E823F1 /* StringExtensions.swift in Sources */,
				2D1CC1E72A5A0B090072339F /* ContentView.swift in Sources */,
				2D1CC1E52A5A0B090072339F /* GL_ActivationApp.swift in Sources */,
				2DB147072A6F5C9A00E823F1 /* LoginScreen.swift in Sources */,
				2DB147092A6F5EC800E823F1 /* LoginRequest.swift in Sources */,
				2DB1470B2A6F5F6F00E823F1 /* LoginResponse.swift in Sources */,
				2DB1470D2A6F60AC00E823F1 /* LoginAction.swift in Sources */,
				2DB1470F2A6F6E2D00E823F1 /* LoginViewModel.swift in Sources */,
			);
			runOnlyForDeploymentPostprocessing = 0;
		};
/* End PBXSourcesBuildPhase section */

/* Begin PBXVariantGroup section */
		2DB147162A6F706F00E823F1 /* Localizable.strings */ = {
			isa = PBXVariantGroup;
			children = (
				2DB147152A6F706F00E823F1 /* en */,
			);
			name = Localizable.strings;
			sourceTree = "<group>";
		};
/* End PBXVariantGroup section */

/* Begin XCBuildConfiguration section */
		2D1CC1ED2A5A0B0C0072339F /* Debug */ = {
			isa = XCBuildConfiguration;
			buildSettings = {
				ALWAYS_SEARCH_USER_PATHS = NO;
				CLANG_ANALYZER_LOCALIZABILITY_NONLOCALIZED = YES;
				CLANG_ANALYZER_NONNULL = YES;
				CLANG_ANALYZER_NUMBER_OBJECT_CONVERSION = YES_AGGRESSIVE;
				CLANG_CXX_LANGUAGE_STANDARD = "gnu++20";
				CLANG_ENABLE_MODULES = YES;
				CLANG_ENABLE_OBJC_ARC = YES;
				CLANG_ENABLE_OBJC_WEAK = YES;
				CLANG_WARN_BLOCK_CAPTURE_AUTORELEASING = YES;
				CLANG_WARN_BOOL_CONVERSION = YES;
				CLANG_WARN_COMMA = YES;
				CLANG_WARN_CONSTANT_CONVERSION = YES;
				CLANG_WARN_DEPRECATED_OBJC_IMPLEMENTATIONS = YES;
				CLANG_WARN_DIRECT_OBJC_ISA_USAGE = YES_ERROR;
				CLANG_WARN_DOCUMENTATION_COMMENTS = YES;
				CLANG_WARN_EMPTY_BODY = YES;
				CLANG_WARN_ENUM_CONVERSION = YES;
				CLANG_WARN_INFINITE_RECURSION = YES;
				CLANG_WARN_INT_CONVERSION = YES;
				CLANG_WARN_NON_LITERAL_NULL_CONVERSION = YES;
				CLANG_WARN_OBJC_IMPLICIT_RETAIN_SELF = YES;
				CLANG_WARN_OBJC_LITERAL_CONVERSION = YES;
				CLANG_WARN_OBJC_ROOT_CLASS = YES_ERROR;
				CLANG_WARN_QUOTED_INCLUDE_IN_FRAMEWORK_HEADER = YES;
				CLANG_WARN_RANGE_LOOP_ANALYSIS = YES;
				CLANG_WARN_STRICT_PROTOTYPES = YES;
				CLANG_WARN_SUSPICIOUS_MOVE = YES;
				CLANG_WARN_UNGUARDED_AVAILABILITY = YES_AGGRESSIVE;
				CLANG_WARN_UNREACHABLE_CODE = YES;
				CLANG_WARN__DUPLICATE_METHOD_MATCH = YES;
				COPY_PHASE_STRIP = NO;
				DEBUG_INFORMATION_FORMAT = dwarf;
				ENABLE_STRICT_OBJC_MSGSEND = YES;
				ENABLE_TESTABILITY = YES;
				GCC_C_LANGUAGE_STANDARD = gnu11;
				GCC_DYNAMIC_NO_PIC = NO;
				GCC_NO_COMMON_BLOCKS = YES;
				GCC_OPTIMIZATION_LEVEL = 0;
				GCC_PREPROCESSOR_DEFINITIONS = (
					"DEBUG=1",
					"$(inherited)",
				);
				GCC_WARN_64_TO_32_BIT_CONVERSION = YES;
				GCC_WARN_ABOUT_RETURN_TYPE = YES_ERROR;
				GCC_WARN_UNDECLARED_SELECTOR = YES;
				GCC_WARN_UNINITIALIZED_AUTOS = YES_AGGRESSIVE;
				GCC_WARN_UNUSED_FUNCTION = YES;
				GCC_WARN_UNUSED_VARIABLE = YES;
				IPHONEOS_DEPLOYMENT_TARGET = 16.4;
				MTL_ENABLE_DEBUG_INFO = INCLUDE_SOURCE;
				MTL_FAST_MATH = YES;
				ONLY_ACTIVE_ARCH = YES;
				SDKROOT = iphoneos;
				SWIFT_ACTIVE_COMPILATION_CONDITIONS = DEBUG;
				SWIFT_OPTIMIZATION_LEVEL = "-Onone";
			};
			name = Debug;
		};
		2D1CC1EE2A5A0B0C0072339F /* Release */ = {
			isa = XCBuildConfiguration;
			buildSettings = {
				ALWAYS_SEARCH_USER_PATHS = NO;
				CLANG_ANALYZER_LOCALIZABILITY_NONLOCALIZED = YES;
				CLANG_ANALYZER_NONNULL = YES;
				CLANG_ANALYZER_NUMBER_OBJECT_CONVERSION = YES_AGGRESSIVE;
				CLANG_CXX_LANGUAGE_STANDARD = "gnu++20";
				CLANG_ENABLE_MODULES = YES;
				CLANG_ENABLE_OBJC_ARC = YES;
				CLANG_ENABLE_OBJC_WEAK = YES;
				CLANG_WARN_BLOCK_CAPTURE_AUTORELEASING = YES;
				CLANG_WARN_BOOL_CONVERSION = YES;
				CLANG_WARN_COMMA = YES;
				CLANG_WARN_CONSTANT_CONVERSION = YES;
				CLANG_WARN_DEPRECATED_OBJC_IMPLEMENTATIONS = YES;
				CLANG_WARN_DIRECT_OBJC_ISA_USAGE = YES_ERROR;
				CLANG_WARN_DOCUMENTATION_COMMENTS = YES;
				CLANG_WARN_EMPTY_BODY = YES;
				CLANG_WARN_ENUM_CONVERSION = YES;
				CLANG_WARN_INFINITE_RECURSION = YES;
				CLANG_WARN_INT_CONVERSION = YES;
				CLANG_WARN_NON_LITERAL_NULL_CONVERSION = YES;
				CLANG_WARN_OBJC_IMPLICIT_RETAIN_SELF = YES;
				CLANG_WARN_OBJC_LITERAL_CONVERSION = YES;
				CLANG_WARN_OBJC_ROOT_CLASS = YES_ERROR;
				CLANG_WARN_QUOTED_INCLUDE_IN_FRAMEWORK_HEADER = YES;
				CLANG_WARN_RANGE_LOOP_ANALYSIS = YES;
				CLANG_WARN_STRICT_PROTOTYPES = YES;
				CLANG_WARN_SUSPICIOUS_MOVE = YES;
				CLANG_WARN_UNGUARDED_AVAILABILITY = YES_AGGRESSIVE;
				CLANG_WARN_UNREACHABLE_CODE = YES;
				CLANG_WARN__DUPLICATE_METHOD_MATCH = YES;
				COPY_PHASE_STRIP = NO;
				DEBUG_INFORMATION_FORMAT = "dwarf-with-dsym";
				ENABLE_NS_ASSERTIONS = NO;
				ENABLE_STRICT_OBJC_MSGSEND = YES;
				GCC_C_LANGUAGE_STANDARD = gnu11;
				GCC_NO_COMMON_BLOCKS = YES;
				GCC_WARN_64_TO_32_BIT_CONVERSION = YES;
				GCC_WARN_ABOUT_RETURN_TYPE = YES_ERROR;
				GCC_WARN_UNDECLARED_SELECTOR = YES;
				GCC_WARN_UNINITIALIZED_AUTOS = YES_AGGRESSIVE;
				GCC_WARN_UNUSED_FUNCTION = YES;
				GCC_WARN_UNUSED_VARIABLE = YES;
				IPHONEOS_DEPLOYMENT_TARGET = 16.4;
				MTL_ENABLE_DEBUG_INFO = NO;
				MTL_FAST_MATH = YES;
				SDKROOT = iphoneos;
				SWIFT_COMPILATION_MODE = wholemodule;
				SWIFT_OPTIMIZATION_LEVEL = "-O";
				VALIDATE_PRODUCT = YES;
			};
			name = Release;
		};
		2D1CC1F02A5A0B0C0072339F /* Debug */ = {
			isa = XCBuildConfiguration;
			buildSettings = {
				ASSETCATALOG_COMPILER_APPICON_NAME = AppIcon;
				ASSETCATALOG_COMPILER_GLOBAL_ACCENT_COLOR_NAME = AccentColor;
				CODE_SIGN_STYLE = Automatic;
				CURRENT_PROJECT_VERSION = 1;
				DEVELOPMENT_ASSET_PATHS = "\"GL Activation/Preview Content\"";
				DEVELOPMENT_TEAM = 382984Y2WR;
				ENABLE_PREVIEWS = YES;
				GENERATE_INFOPLIST_FILE = YES;
				INFOPLIST_KEY_UIApplicationSceneManifest_Generation = YES;
				INFOPLIST_KEY_UIApplicationSupportsIndirectInputEvents = YES;
				INFOPLIST_KEY_UILaunchScreen_Generation = YES;
				INFOPLIST_KEY_UILaunchStoryboardName = LaunchScreen.storyboard;
				INFOPLIST_KEY_UISupportedInterfaceOrientations = UIInterfaceOrientationPortrait;
				IPHONEOS_DEPLOYMENT_TARGET = 15.0;
				LD_RUNPATH_SEARCH_PATHS = (
					"$(inherited)",
					"@executable_path/Frameworks",
				);
				MARKETING_VERSION = 1.0;
				PRODUCT_BUNDLE_IDENTIFIER = "com.OswaldoCrispim.GL-Activation";
				PRODUCT_NAME = "$(TARGET_NAME)";
				SWIFT_EMIT_LOC_STRINGS = YES;
				SWIFT_VERSION = 5.0;
				TARGETED_DEVICE_FAMILY = "1,2";
			};
			name = Debug;
		};
		2D1CC1F12A5A0B0C0072339F /* Release */ = {
			isa = XCBuildConfiguration;
			buildSettings = {
				ASSETCATALOG_COMPILER_APPICON_NAME = AppIcon;
				ASSETCATALOG_COMPILER_GLOBAL_ACCENT_COLOR_NAME = AccentColor;
				CODE_SIGN_STYLE = Automatic;
				CURRENT_PROJECT_VERSION = 1;
				DEVELOPMENT_ASSET_PATHS = "\"GL Activation/Preview Content\"";
				DEVELOPMENT_TEAM = 382984Y2WR;
				ENABLE_PREVIEWS = YES;
				GENERATE_INFOPLIST_FILE = YES;
				INFOPLIST_KEY_UIApplicationSceneManifest_Generation = YES;
				INFOPLIST_KEY_UIApplicationSupportsIndirectInputEvents = YES;
				INFOPLIST_KEY_UILaunchScreen_Generation = YES;
				INFOPLIST_KEY_UILaunchStoryboardName = LaunchScreen.storyboard;
				INFOPLIST_KEY_UISupportedInterfaceOrientations = UIInterfaceOrientationPortrait;
				IPHONEOS_DEPLOYMENT_TARGET = 15.0;
				LD_RUNPATH_SEARCH_PATHS = (
					"$(inherited)",
					"@executable_path/Frameworks",
				);
				MARKETING_VERSION = 1.0;
				PRODUCT_BUNDLE_IDENTIFIER = "com.OswaldoCrispim.GL-Activation";
				PRODUCT_NAME = "$(TARGET_NAME)";
				SWIFT_EMIT_LOC_STRINGS = YES;
				SWIFT_VERSION = 5.0;
				TARGETED_DEVICE_FAMILY = "1,2";
			};
			name = Release;
		};
/* End XCBuildConfiguration section */

/* Begin XCConfigurationList section */
		2D1CC1DC2A5A0B090072339F /* Build configuration list for PBXProject "GL Activation" */ = {
			isa = XCConfigurationList;
			buildConfigurations = (
				2D1CC1ED2A5A0B0C0072339F /* Debug */,
				2D1CC1EE2A5A0B0C0072339F /* Release */,
			);
			defaultConfigurationIsVisible = 0;
			defaultConfigurationName = Release;
		};
		2D1CC1EF2A5A0B0C0072339F /* Build configuration list for PBXNativeTarget "GL Activation" */ = {
			isa = XCConfigurationList;
			buildConfigurations = (
				2D1CC1F02A5A0B0C0072339F /* Debug */,
				2D1CC1F12A5A0B0C0072339F /* Release */,
			);
			defaultConfigurationIsVisible = 0;
			defaultConfigurationName = Release;
		};
/* End XCConfigurationList section */
	};
	rootObject = 2D1CC1D92A5A0B090072339F /* Project object */;
}
